
Microsoft Visual Studio Solution File, Format Version 12.00
# Visual Studio Version 16
VisualStudioVersion = 16.0.30804.86
MinimumVisualStudioVersion = 10.0.40219.1
Project("{2150E333-8FDC-42A3-9474-1A3956D46DE8}") = "Server", "Server", "{08EA7A60-9BAA-4B5F-B6EA-21A68328B2F6}"
EndProject
Project("{2150E333-8FDC-42A3-9474-1A3956D46DE8}") = "Client", "Client", "{540EE2A5-907D-4E6A-A051-22D01DBFE913}"
EndProject
Project("{FAE04EC0-301F-11D3-BF4B-00C04F79EFBC}") = "Server.Host", "Server\Server.Host\Server.Host.csproj", "{DDDC0C74-C130-46DD-A0BC-1AC7FFF626F9}"
EndProject
Project("{FAE04EC0-301F-11D3-BF4B-00C04F79EFBC}") = "Server.Data", "Server\Server.Data\Server.Data.csproj", "{BDF34CB3-4D51-45A3-B9BB-7DE6953B9AC5}"
EndProject
Project("{FAE04EC0-301F-11D3-BF4B-00C04F79EFBC}") = "Server.Bll", "Server\Server.Bll\Server.Bll.csproj", "{74D55924-777B-4FC3-B8F5-37508B2EBAE9}"
EndProject
Project("{FAE04EC0-301F-11D3-BF4B-00C04F79EFBC}") = "Server.Authentication", "Server\Server.Authentication\Server.Authentication.csproj", "{1FC79883-C4C0-4C61-A3F1-D699F7A793B2}"
EndProject
Project("{FAE04EC0-301F-11D3-BF4B-00C04F79EFBC}") = "Client.Host", "Client\Client.Host\Client.Host.csproj", "{45AC8461-58BE-4675-AD96-89CF88CF8CA3}"
EndProject
Project("{FAE04EC0-301F-11D3-BF4B-00C04F79EFBC}") = "Client.Account", "Client\Client.Account\Client.Account.csproj", "{32045C10-4395-4010-A365-6CAF4D993680}"
EndProject
Project("{FAE04EC0-301F-11D3-BF4B-00C04F79EFBC}") = "Client.StartMenu", "Client\Client.StartMenu\Client.StartMenu.csproj", "{BB2630C0-3F25-49F1-9393-4B75A7014187}"
EndProject
Project("{FAE04EC0-301F-11D3-BF4B-00C04F79EFBC}") = "RockPaperScissors.Common", "Common\RockPaperScissors.Common\RockPaperScissors.Common.csproj", "{4E6B589E-C9C5-4191-B435-6FE4283C1B58}"
EndProject
Project("{FAE04EC0-301F-11D3-BF4B-00C04F79EFBC}") = "Client.Statistics", "Client\Client.Statistics\Client.Statistics.csproj", "{994CC558-A9A9-4E58-A894-EE06993DAC58}"
EndProject
Project("{FAE04EC0-301F-11D3-BF4B-00C04F79EFBC}") = "Client.MainMenu", "Client\Client.MainMenu\Client.MainMenu.csproj", "{3928C9ED-4F7C-4D3E-8265-C98EBC85F318}"
EndProject
Global
	GlobalSection(SolutionConfigurationPlatforms) = preSolution
		Debug|Any CPU = Debug|Any CPU
		Release|Any CPU = Release|Any CPU
	EndGlobalSection
	GlobalSection(ProjectConfigurationPlatforms) = postSolution
		{DDDC0C74-C130-46DD-A0BC-1AC7FFF626F9}.Debug|Any CPU.ActiveCfg = Debug|Any CPU
		{DDDC0C74-C130-46DD-A0BC-1AC7FFF626F9}.Debug|Any CPU.Build.0 = Debug|Any CPU
		{DDDC0C74-C130-46DD-A0BC-1AC7FFF626F9}.Release|Any CPU.ActiveCfg = Release|Any CPU
		{DDDC0C74-C130-46DD-A0BC-1AC7FFF626F9}.Release|Any CPU.Build.0 = Release|Any CPU
		{BDF34CB3-4D51-45A3-B9BB-7DE6953B9AC5}.Debug|Any CPU.ActiveCfg = Debug|Any CPU
		{BDF34CB3-4D51-45A3-B9BB-7DE6953B9AC5}.Debug|Any CPU.Build.0 = Debug|Any CPU
		{BDF34CB3-4D51-45A3-B9BB-7DE6953B9AC5}.Release|Any CPU.ActiveCfg = Release|Any CPU
		{BDF34CB3-4D51-45A3-B9BB-7DE6953B9AC5}.Release|Any CPU.Build.0 = Release|Any CPU
		{74D55924-777B-4FC3-B8F5-37508B2EBAE9}.Debug|Any CPU.ActiveCfg = Debug|Any CPU
		{74D55924-777B-4FC3-B8F5-37508B2EBAE9}.Debug|Any CPU.Build.0 = Debug|Any CPU
		{74D55924-777B-4FC3-B8F5-37508B2EBAE9}.Release|Any CPU.ActiveCfg = Release|Any CPU
		{74D55924-777B-4FC3-B8F5-37508B2EBAE9}.Release|Any CPU.Build.0 = Release|Any CPU
		{1FC79883-C4C0-4C61-A3F1-D699F7A793B2}.Debug|Any CPU.ActiveCfg = Debug|Any CPU
		{1FC79883-C4C0-4C61-A3F1-D699F7A793B2}.Debug|Any CPU.Build.0 = Debug|Any CPU
		{1FC79883-C4C0-4C61-A3F1-D699F7A793B2}.Release|Any CPU.ActiveCfg = Release|Any CPU
		{1FC79883-C4C0-4C61-A3F1-D699F7A793B2}.Release|Any CPU.Build.0 = Release|Any CPU
		{45AC8461-58BE-4675-AD96-89CF88CF8CA3}.Debug|Any CPU.ActiveCfg = Debug|Any CPU
		{45AC8461-58BE-4675-AD96-89CF88CF8CA3}.Debug|Any CPU.Build.0 = Debug|Any CPU
		{45AC8461-58BE-4675-AD96-89CF88CF8CA3}.Release|Any CPU.ActiveCfg = Release|Any CPU
		{45AC8461-58BE-4675-AD96-89CF88CF8CA3}.Release|Any CPU.Build.0 = Release|Any CPU
		{32045C10-4395-4010-A365-6CAF4D993680}.Debug|Any CPU.ActiveCfg = Debug|Any CPU
		{32045C10-4395-4010-A365-6CAF4D993680}.Debug|Any CPU.Build.0 = Debug|Any CPU
		{32045C10-4395-4010-A365-6CAF4D993680}.Release|Any CPU.ActiveCfg = Release|Any CPU
		{32045C10-4395-4010-A365-6CAF4D993680}.Release|Any CPU.Build.0 = Release|Any CPU
		{BB2630C0-3F25-49F1-9393-4B75A7014187}.Debug|Any CPU.ActiveCfg = Debug|Any CPU
		{BB2630C0-3F25-49F1-9393-4B75A7014187}.Debug|Any CPU.Build.0 = Debug|Any CPU
		{BB2630C0-3F25-49F1-9393-4B75A7014187}.Release|Any CPU.ActiveCfg = Release|Any CPU
		{BB2630C0-3F25-49F1-9393-4B75A7014187}.Release|Any CPU.Build.0 = Release|Any CPU
		{4E6B589E-C9C5-4191-B435-6FE4283C1B58}.Debug|Any CPU.ActiveCfg = Debug|Any CPU
		{4E6B589E-C9C5-4191-B435-6FE4283C1B58}.Debug|Any CPU.Build.0 = Debug|Any CPU
		{4E6B589E-C9C5-4191-B435-6FE4283C1B58}.Release|Any CPU.ActiveCfg = Release|Any CPU
		{4E6B589E-C9C5-4191-B435-6FE4283C1B58}.Release|Any CPU.Build.0 = Release|Any CPU
		{994CC558-A9A9-4E58-A894-EE06993DAC58}.Debug|Any CPU.ActiveCfg = Debug|Any CPU
		{994CC558-A9A9-4E58-A894-EE06993DAC58}.Debug|Any CPU.Build.0 = Debug|Any CPU
		{994CC558-A9A9-4E58-A894-EE06993DAC58}.Release|Any CPU.ActiveCfg = Release|Any CPU
		{994CC558-A9A9-4E58-A894-EE06993DAC58}.Release|Any CPU.Build.0 = Release|Any CPU
		{3928C9ED-4F7C-4D3E-8265-C98EBC85F318}.Debug|Any CPU.ActiveCfg = Debug|Any CPU
		{3928C9ED-4F7C-4D3E-8265-C98EBC85F318}.Debug|Any CPU.Build.0 = Debug|Any CPU
		{3928C9ED-4F7C-4D3E-8265-C98EBC85F318}.Release|Any CPU.ActiveCfg = Release|Any CPU
		{3928C9ED-4F7C-4D3E-8265-C98EBC85F318}.Release|Any CPU.Build.0 = Release|Any CPU
	EndGlobalSection
	GlobalSection(SolutionProperties) = preSolution
		HideSolutionNode = FALSE
	EndGlobalSection
	GlobalSection(ExtensibilityGlobals) = postSolution
		SolutionGuid = {4ADC353B-52B1-43B2-B26D-3279A6ACC978}
	EndGlobalSection
	GlobalSection(NestedProjects) = preSolution
		{DDDC0C74-C130-46DD-A0BC-1AC7FFF626F9} = {08EA7A60-9BAA-4B5F-B6EA-21A68328B2F6}
		{BDF34CB3-4D51-45A3-B9BB-7DE6953B9AC5} = {08EA7A60-9BAA-4B5F-B6EA-21A68328B2F6}
		{74D55924-777B-4FC3-B8F5-37508B2EBAE9} = {08EA7A60-9BAA-4B5F-B6EA-21A68328B2F6}
		{1FC79883-C4C0-4C61-A3F1-D699F7A793B2} = {08EA7A60-9BAA-4B5F-B6EA-21A68328B2F6}
		{45AC8461-58BE-4675-AD96-89CF88CF8CA3} = {540EE2A5-907D-4E6A-A051-22D01DBFE913}
		{32045C10-4395-4010-A365-6CAF4D993680} = {540EE2A5-907D-4E6A-A051-22D01DBFE913}
		{BB2630C0-3F25-49F1-9393-4B75A7014187} = {540EE2A5-907D-4E6A-A051-22D01DBFE913}
		{994CC558-A9A9-4E58-A894-EE06993DAC58} = {540EE2A5-907D-4E6A-A051-22D01DBFE913}
		{3928C9ED-4F7C-4D3E-8265-C98EBC85F318} = {540EE2A5-907D-4E6A-A051-22D01DBFE913}
	EndGlobalSection
EndGlobal
