
Microsoft Visual Studio Solution File, Format Version 12.00
Project("{FAE04EC0-301F-11D3-BF4B-00C04F79EFBC}") = "Server", "Server\Server.csproj", "{53166F83-4032-4CCF-B172-C2517BFBA424}"
EndProject
Project("{FAE04EC0-301F-11D3-BF4B-00C04F79EFBC}") = "Client", "Client\Client.csproj", "{B6D69162-F9E0-4165-A288-00FF1D073291}"
EndProject
Global
	GlobalSection(SolutionConfigurationPlatforms) = preSolution
		Debug|Any CPU = Debug|Any CPU
		Release|Any CPU = Release|Any CPU
	EndGlobalSection
	GlobalSection(ProjectConfigurationPlatforms) = postSolution
		{53166F83-4032-4CCF-B172-C2517BFBA424}.Debug|Any CPU.ActiveCfg = Debug|Any CPU
		{53166F83-4032-4CCF-B172-C2517BFBA424}.Debug|Any CPU.Build.0 = Debug|Any CPU
		{53166F83-4032-4CCF-B172-C2517BFBA424}.Release|Any CPU.ActiveCfg = Release|Any CPU
		{53166F83-4032-4CCF-B172-C2517BFBA424}.Release|Any CPU.Build.0 = Release|Any CPU
		{B6D69162-F9E0-4165-A288-00FF1D073291}.Debug|Any CPU.ActiveCfg = Debug|Any CPU
		{B6D69162-F9E0-4165-A288-00FF1D073291}.Debug|Any CPU.Build.0 = Debug|Any CPU
		{B6D69162-F9E0-4165-A288-00FF1D073291}.Release|Any CPU.ActiveCfg = Release|Any CPU
		{B6D69162-F9E0-4165-A288-00FF1D073291}.Release|Any CPU.Build.0 = Release|Any CPU
	EndGlobalSection
EndGlobal
